
Microsoft Visual Studio Solution File, Format Version 12.00
# Visual Studio Version 17
VisualStudioVersion = 17.0.31919.166
MinimumVisualStudioVersion = 10.0.40219.1
Project("{2150E333-8FDC-42A3-9474-1A3956D46DE8}") = "src", "src", "{9B2AE124-6636-4DE9-83A3-70360DABD0C4}"
EndProject
Project("{2150E333-8FDC-42A3-9474-1A3956D46DE8}") = "test", "test", "{C09CDAB0-6DD4-46E9-B7F3-3EF2A4741EA0}"
EndProject
Project("{2150E333-8FDC-42A3-9474-1A3956D46DE8}") = "Solution Items", "Solution Items", "{57A8A8E5-5715-41BF-A0A6-46B819933FBC}"
	ProjectSection(SolutionItems) = preProject
		.flubu = .flubu
		.gitignore = .gitignore
		.travis.yml = .travis.yml
		appveyor.yml = appveyor.yml
		.github\workflows\deploy-docs-and-dashbaord.yml = .github\workflows\deploy-docs-and-dashbaord.yml
		.github\ISSUE_TEMPLATE = .github\ISSUE_TEMPLATE
		LICENSE.txt = LICENSE.txt
		README.md = README.md
		README.zh-cn.md = README.zh-cn.md
	EndProjectSection
EndProject
Project("{9A19103F-16F7-4668-BE54-9A1E7A4F7556}") = "DotNetCore.CAP", "src\DotNetCore.CAP\DotNetCore.CAP.csproj", "{E8AF8611-0EA4-4B19-BC48-87C57A87DC66}"
EndProject
Project("{2150E333-8FDC-42A3-9474-1A3956D46DE8}") = "samples", "samples", "{3A6B6931-A123-477A-9469-8B468B5385AF}"
EndProject
Project("{2150E333-8FDC-42A3-9474-1A3956D46DE8}") = "build", "build", "{10C0818D-9160-4B80-BB86-DDE925B64D43}"
	ProjectSection(SolutionItems) = preProject
		src\Directory.Build.props = src\Directory.Build.props
		build\version.props = build\version.props
	EndProjectSection
EndProject
Project("{9A19103F-16F7-4668-BE54-9A1E7A4F7556}") = "DotNetCore.CAP.SqlServer", "src\DotNetCore.CAP.SqlServer\DotNetCore.CAP.SqlServer.csproj", "{3B577468-6792-4EF1-9237-15180B176A24}"
EndProject
Project("{9A19103F-16F7-4668-BE54-9A1E7A4F7556}") = "DotNetCore.CAP.AzureServiceBus", "src\DotNetCore.CAP.AzureServiceBus\DotNetCore.CAP.AzureServiceBus.csproj", "{63B2A464-FBEA-42FB-8EFA-98AFA39FC920}"
EndProject
Project("{9A19103F-16F7-4668-BE54-9A1E7A4F7556}") = "DotNetCore.CAP.Dashboard", "src\DotNetCore.CAP.Dashboard\DotNetCore.CAP.Dashboard.csproj", "{56FB261C-67AF-4715-9A46-4FA4FAB91B2C}"
EndProject
Project("{9A19103F-16F7-4668-BE54-9A1E7A4F7556}") = "BuildScript", "build\BuildScript.csproj", "{F8EF381A-FE83-40B3-A63D-09D83851B0FB}"
EndProject
Project("{9A19103F-16F7-4668-BE54-9A1E7A4F7556}") = "DotNetCore.CAP.InMemoryStorage", "src\DotNetCore.CAP.InMemoryStorage\DotNetCore.CAP.InMemoryStorage.csproj", "{93176BAE-914B-4BED-9DE3-01FFB4F27FC5}"
EndProject
Project("{9A19103F-16F7-4668-BE54-9A1E7A4F7556}") = "DotNetCore.CAP.Test", "test\DotNetCore.CAP.Test\DotNetCore.CAP.Test.csproj", "{75CC45E6-BF06-40F4-977D-10DCC05B2EFA}"
EndProject
Project("{9A19103F-16F7-4668-BE54-9A1E7A4F7556}") = "Sample.ConsoleApp", "samples\Sample.ConsoleApp\Sample.ConsoleApp.csproj", "{2B0F467E-ABBD-4A51-BF38-D4F609DB6266}"
EndProject
Project("{9A19103F-16F7-4668-BE54-9A1E7A4F7556}") = "Samples.Redis.SqlServer", "samples\Samples.Redis.SqlServer\Samples.Redis.SqlServer.csproj", "{375AF85D-8C81-47C6-BE5B-D0874D4971EA}"
EndProject
Project("{9A19103F-16F7-4668-BE54-9A1E7A4F7556}") = "DotNetCore.CAP.RedisStreams", "src\DotNetCore.CAP.RedisStreams\DotNetCore.CAP.RedisStreams.csproj", "{54458B54-49CC-454C-82B2-4AED681D9D07}"
EndProject
Project("{9A19103F-16F7-4668-BE54-9A1E7A4F7556}") = "Sample.Dashboard.Auth", "samples\Sample.Dashboard.Auth\Sample.Dashboard.Auth.csproj", "{6E059983-DE89-4D53-88F5-D9083BCE257F}"
EndProject
Project("{9A19103F-16F7-4668-BE54-9A1E7A4F7556}") = "DotNetCore.CAP.MultiModuleSubscriberTests", "test\DotNetCore.CAP.MultiModuleSubscriberTests\DotNetCore.CAP.MultiModuleSubscriberTests.csproj", "{23684403-7DA8-489A-8A1E-8056D7683E18}"
EndProject
Project("{9A19103F-16F7-4668-BE54-9A1E7A4F7556}") = "DotNetCore.CAP.OpenTelemetry", "src\DotNetCore.CAP.OpenTelemetry\DotNetCore.CAP.OpenTelemetry.csproj", "{83DDB126-A00B-4064-86E7-568322CA67EC}"
EndProject
Project("{FAE04EC0-301F-11D3-BF4B-00C04F79EFBC}") = "Sample.AzureServiceBus.InMemory", "samples\Sample.AzureServiceBus.InMemory\Sample.AzureServiceBus.InMemory.csproj", "{0C734FB2-7D75-4FF3-B564-1E50E6280B14}"
EndProject